
Microsoft Visual Studio Solution File, Format Version 12.00
# Visual Studio Version 17
VisualStudioVersion = 17.11.35312.102
MinimumVisualStudioVersion = 10.0.40219.1
Project("{FAE04EC0-301F-11D3-BF4B-00C04F79EFBC}") = "App_Generadora_de_PseudoAleatorios_o_Algo_Asi", "App_Generadora_de_PseudoAleatorios_o_Algo_Asi\App_Generadora_de_PseudoAleatorios_o_Algo_Asi.csproj", "{871C4D16-9473-40FA-ADD0-F9C4118F435B}"
EndProject
Global
	GlobalSection(SolutionConfigurationPlatforms) = preSolution
		Debug|Any CPU = Debug|Any CPU
		Release|Any CPU = Release|Any CPU
	EndGlobalSection
	GlobalSection(ProjectConfigurationPlatforms) = postSolution
		{871C4D16-9473-40FA-ADD0-F9C4118F435B}.Debug|Any CPU.ActiveCfg = Debug|Any CPU
		{871C4D16-9473-40FA-ADD0-F9C4118F435B}.Debug|Any CPU.Build.0 = Debug|Any CPU
		{871C4D16-9473-40FA-ADD0-F9C4118F435B}.Release|Any CPU.ActiveCfg = Release|Any CPU
		{871C4D16-9473-40FA-ADD0-F9C4118F435B}.Release|Any CPU.Build.0 = Release|Any CPU
	EndGlobalSection
	GlobalSection(SolutionProperties) = preSolution
		HideSolutionNode = FALSE
	EndGlobalSection
	GlobalSection(ExtensibilityGlobals) = postSolution
		SolutionGuid = {FDE3F260-15B4-4D55-9593-42B780D29416}
	EndGlobalSection
EndGlobal
